Microsoft Visual Studio Solution File, Format Version 12.00
# Visual Studio 2012
Project("{FAE04EC0-301F-11D3-BF4B-00C04F79EFBC}") = "GWJ#39", "GWJ#39.csproj", "{C3BC6BC5-D075-43E3-AFE4-589EBC2F9314}"
EndProject
Global
	GlobalSection(SolutionConfigurationPlatforms) = preSolution
	Debug|Any CPU = Debug|Any CPU
	ExportDebug|Any CPU = ExportDebug|Any CPU
	ExportRelease|Any CPU = ExportRelease|Any CPU
	EndGlobalSection
	GlobalSection(ProjectConfigurationPlatforms) = postSolution
		{C3BC6BC5-D075-43E3-AFE4-589EBC2F9314}.Debug|Any CPU.ActiveCfg = Debug|Any CPU
		{C3BC6BC5-D075-43E3-AFE4-589EBC2F9314}.Debug|Any CPU.Build.0 = Debug|Any CPU
		{C3BC6BC5-D075-43E3-AFE4-589EBC2F9314}.ExportDebug|Any CPU.ActiveCfg = ExportDebug|Any CPU
		{C3BC6BC5-D075-43E3-AFE4-589EBC2F9314}.ExportDebug|Any CPU.Build.0 = ExportDebug|Any CPU
		{C3BC6BC5-D075-43E3-AFE4-589EBC2F9314}.ExportRelease|Any CPU.ActiveCfg = ExportRelease|Any CPU
		{C3BC6BC5-D075-43E3-AFE4-589EBC2F9314}.ExportRelease|Any CPU.Build.0 = ExportRelease|Any CPU
	EndGlobalSection
EndGlobal
